{
  "name": "ex25",
  "version": "1.0.0",
  "lockfileVersion": 3,
  "requires": true,
  "packages": {
    "": {
      "name": "ex25",
      "version": "1.0.0",
      "license": "ISC",
      "dependencies": {
        "chlak": "^0.0.1-security"
      }
    },
    "node_modules/chlak": {
      "version": "0.0.1-security",
      "resolved": "https://registry.npmjs.org/chlak/-/chlak-0.0.1-security.tgz",
      "integrity": "sha512-v+HtxaFeN73uzUNtqBS5xzBxxykzFlNuLo7Yl+3TMVUNT8W0g/2Gpg7VQ+Q0adpd2UhouJWX+puIJMRmTXxvOw=="
    }
  }
}
